
Microsoft Visual Studio Solution File, Format Version 12.00
# Visual Studio Version 16
VisualStudioVersion = 16.0.31005.135
MinimumVisualStudioVersion = 10.0.40219.1
Project("{9A19103F-16F7-4668-BE54-9A1E7A4F7556}") = "Balistic", "Balistic.csproj", "{CD626A04-BA06-49E0-95A7-2D4E3B7BDBF3}"
EndProject
Project("{FAE04EC0-301F-11D3-BF4B-00C04F79EFBC}") = "Balistic_FrontEnd", "..\Balistic_FrontEnd\Balistic_FrontEnd.csproj", "{FAC28D5B-E8EB-4A29-9729-E724975CFAF5}"
EndProject
Global
	GlobalSection(SolutionConfigurationPlatforms) = preSolution
		Debug|Any CPU = Debug|Any CPU
		Release|Any CPU = Release|Any CPU
	EndGlobalSection
	GlobalSection(ProjectConfigurationPlatforms) = postSolution
		{CD626A04-BA06-49E0-95A7-2D4E3B7BDBF3}.Debug|Any CPU.ActiveCfg = Debug|Any CPU
		{CD626A04-BA06-49E0-95A7-2D4E3B7BDBF3}.Debug|Any CPU.Build.0 = Debug|Any CPU
		{CD626A04-BA06-49E0-95A7-2D4E3B7BDBF3}.Release|Any CPU.ActiveCfg = Release|Any CPU
		{CD626A04-BA06-49E0-95A7-2D4E3B7BDBF3}.Release|Any CPU.Build.0 = Release|Any CPU
		{FAC28D5B-E8EB-4A29-9729-E724975CFAF5}.Debug|Any CPU.ActiveCfg = Debug|Any CPU
		{FAC28D5B-E8EB-4A29-9729-E724975CFAF5}.Debug|Any CPU.Build.0 = Debug|Any CPU
		{FAC28D5B-E8EB-4A29-9729-E724975CFAF5}.Release|Any CPU.ActiveCfg = Release|Any CPU
		{FAC28D5B-E8EB-4A29-9729-E724975CFAF5}.Release|Any CPU.Build.0 = Release|Any CPU
	EndGlobalSection
	GlobalSection(SolutionProperties) = preSolution
		HideSolutionNode = FALSE
	EndGlobalSection
	GlobalSection(ExtensibilityGlobals) = postSolution
		SolutionGuid = {631E1468-B629-4022-9965-8DE87C560C12}
	EndGlobalSection
EndGlobal
